// !$*UTF8*$!
{
	archiveVersion = 1;
	classes = {
	};
	objectVersion = 46;
	objects = {

/* Begin PBXBuildFile section */
		3FA46F571D3ED3A70005C1E8 /* AppDelegate.swift in Sources */ = {isa = PBXBuildFile; fileRef = 3FA46F561D3ED3A70005C1E8 /* AppDelegate.swift */; };
		3FA46F5C1D3ED3A70005C1E8 /* Main.storyboard in Resources */ = {isa = PBXBuildFile; fileRef = 3FA46F5A1D3ED3A70005C1E8 /* Main.storyboard */; };
		3FA46F5E1D3ED3A70005C1E8 /* Assets.xcassets in Resources */ = {isa = PBXBuildFile; fileRef = 3FA46F5D1D3ED3A70005C1E8 /* Assets.xcassets */; };
		3FA46F611D3ED3A70005C1E8 /* LaunchScreen.storyboard in Resources */ = {isa = PBXBuildFile; fileRef = 3FA46F5F1D3ED3A70005C1E8 /* LaunchScreen.storyboard */; };
		3FA46F6C1D3ED3A70005C1E8 /* InClass05Tests.swift in Sources */ = {isa = PBXBuildFile; fileRef = 3FA46F6B1D3ED3A70005C1E8 /* InClass05Tests.swift */; };
		3FA46F771D3ED3A70005C1E8 /* InClass05UITests.swift in Sources */ = {isa = PBXBuildFile; fileRef = 3FA46F761D3ED3A70005C1E8 /* InClass05UITests.swift */; };
		3FA46F8A1D3ED4A10005C1E8 /* CategoriesTableViewController.swift in Sources */ = {isa = PBXBuildFile; fileRef = 3FA46F891D3ED4A10005C1E8 /* CategoriesTableViewController.swift */; };
		3FA46F8C1D3ED95B0005C1E8 /* AppsData.swift in Sources */ = {isa = PBXBuildFile; fileRef = 3FA46F8B1D3ED95B0005C1E8 /* AppsData.swift */; };
		3FA46F8E1D3EDF980005C1E8 /* AppsTableViewController.swift in Sources */ = {isa = PBXBuildFile; fileRef = 3FA46F8D1D3EDF980005C1E8 /* AppsTableViewController.swift */; };
		3FA46F901D3EE75F0005C1E8 /* AppsTableViewCell.swift in Sources */ = {isa = PBXBuildFile; fileRef = 3FA46F8F1D3EE75F0005C1E8 /* AppsTableViewCell.swift */; };
		3FC8AEDA1D3EFB07004D252E /* AppDetailsViewController.swift in Sources */ = {isa = PBXBuildFile; fileRef = 3FC8AED91D3EFB07004D252E /* AppDetailsViewController.swift */; };
/* End PBXBuildFile section */

/* Begin PBXContainerItemProxy section */
		3FA46F681D3ED3A70005C1E8 /* PBXContainerItemProxy */ = {
			isa = PBXContainerItemProxy;
			containerPortal = 3FA46F4B1D3ED3A70005C1E8 /* Project object */;
			proxyType = 1;
			remoteGlobalIDString = 3FA46F521D3ED3A70005C1E8;
			remoteInfo = InClass05;
		};
		3FA46F731D3ED3A70005C1E8 /* PBXContainerItemProxy */ = {
			isa = PBXContainerItemProxy;
			containerPortal = 3FA46F4B1D3ED3A70005C1E8 /* Project object */;
			proxyType = 1;
			remoteGlobalIDString = 3FA46F521D3ED3A70005C1E8;
			remoteInfo = InClass05;
		};
/* End PBXContainerItemProxy section */

/* Begin PBXFileReference section */
		3FA46F531D3ED3A70005C1E8 /* InClass05.app */ = {isa = PBXFileReference; explicitFileType = wrapper.application; includeInIndex = 0; path = InClass05.app; sourceTree = BUILT_PRODUCTS_DIR; };
		3FA46F561D3ED3A70005C1E8 /* AppDelegate.swift */ = {isa = PBXFileReference; lastKnownFileType = sourcecode.swift; path = AppDelegate.swift; sourceTree = "<group>"; };
		3FA46F5B1D3ED3A70005C1E8 /* Base */ = {isa = PBXFileReference; lastKnownFileType = file.storyboard; name = Base; path = Base.lproj/Main.storyboard; sourceTree = "<group>"; };
		3FA46F5D1D3ED3A70005C1E8 /* Assets.xcassets */ = {isa = PBXFileReference; lastKnownFileType = folder.assetcatalog; path = Assets.xcassets; sourceTree = "<group>"; };
		3FA46F601D3ED3A70005C1E8 /* Base */ = {isa = PBXFileReference; lastKnownFileType = file.storyboard; name = Base; path = Base.lproj/LaunchScreen.storyboard; sourceTree = "<group>"; };
		3FA46F621D3ED3A70005C1E8 /* Info.plist */ = {isa = PBXFileReference; lastKnownFileType = text.plist.xml; path = Info.plist; sourceTree = "<group>"; };
		3FA46F671D3ED3A70005C1E8 /* InClass05Tests.xctest */ = {isa = PBXFileReference; explicitFileType = wrapper.cfbundle; includeInIndex = 0; path = InClass05Tests.xctest; sourceTree = BUILT_PRODUCTS_DIR; };
		3FA46F6B1D3ED3A70005C1E8 /* InClass05Tests.swift */ = {isa = PBXFileReference; lastKnownFileType = sourcecode.swift; path = InClass05Tests.swift; sourceTree = "<group>"; };
		3FA46F6D1D3ED3A70005C1E8 /* Info.plist */ = {isa = PBXFileReference; lastKnownFileType = text.plist.xml; path = Info.plist; sourceTree = "<group>"; };
		3FA46F721D3ED3A70005C1E8 /* InClass05UITests.xctest */ = {isa = PBXFileReference; explicitFileType = wrapper.cfbundle; includeInIndex = 0; path = InClass05UITests.xctest; sourceTree = BUILT_PRODUCTS_DIR; };
		3FA46F761D3ED3A70005C1E8 /* InClass05UITests.swift */ = {isa = PBXFileReference; lastKnownFileType = sourcecode.swift; path = InClass05UITests.swift; sourceTree = "<group>"; };
		3FA46F781D3ED3A70005C1E8 /* Info.plist */ = {isa = PBXFileReference; lastKnownFileType = text.plist.xml; path = Info.plist; sourceTree = "<group>"; };
		3FA46F891D3ED4A10005C1E8 /* CategoriesTableViewController.swift */ = {isa = PBXFileReference; fileEncoding = 4; lastKnownFileType = sourcecode.swift; path = CategoriesTableViewController.swift; sourceTree = "<group>"; };
		3FA46F8B1D3ED95B0005C1E8 /* AppsData.swift */ = {isa = PBXFileReference; fileEncoding = 4; lastKnownFileType = sourcecode.swift; path = AppsData.swift; sourceTree = SOURCE_ROOT; };
		3FA46F8D1D3EDF980005C1E8 /* AppsTableViewController.swift */ = {isa = PBXFileReference; fileEncoding = 4; lastKnownFileType = sourcecode.swift; path = AppsTableViewController.swift; sourceTree = "<group>"; };
		3FA46F8F1D3EE75F0005C1E8 /* AppsTableViewCell.swift */ = {isa = PBXFileReference; fileEncoding = 4; lastKnownFileType = sourcecode.swift; path = AppsTableViewCell.swift; sourceTree = "<group>"; };
		3FC8AED91D3EFB07004D252E /* AppDetailsViewController.swift */ = {isa = PBXFileReference; fileEncoding = 4; lastKnownFileType = sourcecode.swift; path = AppDetailsViewController.swift; sourceTree = "<group>"; };
/* End PBXFileReference section */

/* Begin PBXFrameworksBuildPhase section */
		3FA46F501D3ED3A70005C1E8 /* Frameworks */ = {
			isa = PBXFrameworksBuildPhase;
			buildActionMask = 2147483647;
			files = (
			);
			runOnlyForDeploymentPostprocessing = 0;
		};
		3FA46F641D3ED3A70005C1E8 /* Frameworks */ = {
			isa = PBXFrameworksBuildPhase;
			buildActionMask = 2147483647;
			files = (
			);
			runOnlyForDeploymentPostprocessing = 0;
		};
		3FA46F6F1D3ED3A70005C1E8 /* Frameworks */ = {
			isa = PBXFrameworksBuildPhase;
			buildActionMask = 2147483647;
			files = (
			);
			runOnlyForDeploymentPostprocessing = 0;
		};
/* End PBXFrameworksBuildPhase section */

/* Begin PBXGroup section */
		3FA46F4A1D3ED3A70005C1E8 = {
			isa = PBXGroup;
			children = (
				3FA46F551D3ED3A70005C1E8 /* InClass05 */,
				3FA46F6A1D3ED3A70005C1E8 /* InClass05Tests */,
				3FA46F751D3ED3A70005C1E8 /* InClass05UITests */,
				3FA46F541D3ED3A70005C1E8 /* Products */,
			);
			sourceTree = "<group>";
		};
		3FA46F541D3ED3A70005C1E8 /* Products */ = {
			isa = PBXGroup;
			children = (
				3FA46F531D3ED3A70005C1E8 /* InClass05.app */,
				3FA46F671D3ED3A70005C1E8 /* InClass05Tests.xctest */,
				3FA46F721D3ED3A70005C1E8 /* InClass05UITests.xctest */,
			);
			name = Products;
			sourceTree = "<group>";
		};
		3FA46F551D3ED3A70005C1E8 /* InClass05 */ = {
			isa = PBXGroup;
			children = (
				3FA46F5A1D3ED3A70005C1E8 /* Main.storyboard */,
				3FC8AED91D3EFB07004D252E /* AppDetailsViewController.swift */,
				3FA46F8F1D3EE75F0005C1E8 /* AppsTableViewCell.swift */,
				3FA46F8D1D3EDF980005C1E8 /* AppsTableViewController.swift */,
				3FA46F8B1D3ED95B0005C1E8 /* AppsData.swift */,
				3FA46F891D3ED4A10005C1E8 /* CategoriesTableViewController.swift */,
				3FA46F881D3ED44D0005C1E8 /* Supporting Files */,
			);
			path = InClass05;
			sourceTree = "<group>";
		};
		3FA46F6A1D3ED3A70005C1E8 /* InClass05Tests */ = {
			isa = PBXGroup;
			children = (
				3FA46F6B1D3ED3A70005C1E8 /* InClass05Tests.swift */,
				3FA46F6D1D3ED3A70005C1E8 /* Info.plist */,
			);
			path = InClass05Tests;
			sourceTree = "<group>";
		};
		3FA46F751D3ED3A70005C1E8 /* InClass05UITests */ = {
			isa = PBXGroup;
			children = (
				3FA46F761D3ED3A70005C1E8 /* InClass05UITests.swift */,
				3FA46F781D3ED3A70005C1E8 /* Info.plist */,
			);
			path = InClass05UITests;
			sourceTree = "<group>";
		};
		3FA46F881D3ED44D0005C1E8 /* Supporting Files */ = {
			isa = PBXGroup;
			children = (
				3FA46F561D3ED3A70005C1E8 /* AppDelegate.swift */,
				3FA46F5D1D3ED3A70005C1E8 /* Assets.xcassets */,
				3FA46F5F1D3ED3A70005C1E8 /* LaunchScreen.storyboard */,
				3FA46F621D3ED3A70005C1E8 /* Info.plist */,
			);
			name = "Supporting Files";
			sourceTree = "<group>";
		};
/* End PBXGroup section */

/* Begin PBXNativeTarget section */
		3FA46F521D3ED3A70005C1E8 /* InClass05 */ = {
			isa = PBXNativeTarget;
			buildConfigurationList = 3FA46F7B1D3ED3A70005C1E8 /* Build configuration list for PBXNativeTarget "InClass05" */;
			buildPhases = (
				3FA46F4F1D3ED3A70005C1E8 /* Sources */,
				3FA46F501D3ED3A70005C1E8 /* Frameworks */,
				3FA46F511D3ED3A70005C1E8 /* Resources */,
			);
			buildRules = (
			);
			dependencies = (
			);
			name = InClass05;
			productName = InClass05;
			productReference = 3FA46F531D3ED3A70005C1E8 /* InClass05.app */;
			productType = "com.apple.product-type.application";
		};
		3FA46F661D3ED3A70005C1E8 /* InClass05Tests */ = {
			isa = PBXNativeTarget;
			buildConfigurationList = 3FA46F7E1D3ED3A70005C1E8 /* Build configuration list for PBXNativeTarget "InClass05Tests" */;
			buildPhases = (
				3FA46F631D3ED3A70005C1E8 /* Sources */,
				3FA46F641D3ED3A70005C1E8 /* Frameworks */,
				3FA46F651D3ED3A70005C1E8 /* Resources */,
			);
			buildRules = (
			);
			dependencies = (
				3FA46F691D3ED3A70005C1E8 /* PBXTargetDependency */,
			);
			name = InClass05Tests;
			productName = InClass05Tests;
			productReference = 3FA46F671D3ED3A70005C1E8 /* InClass05Tests.xctest */;
			productType = "com.apple.product-type.bundle.unit-test";
		};
		3FA46F711D3ED3A70005C1E8 /* InClass05UITests */ = {
			isa = PBXNativeTarget;
			buildConfigurationList = 3FA46F811D3ED3A70005C1E8 /* Build configuration list for PBXNativeTarget "InClass05UITests" */;
			buildPhases = (
				3FA46F6E1D3ED3A70005C1E8 /* Sources */,
				3FA46F6F1D3ED3A70005C1E8 /* Frameworks */,
				3FA46F701D3ED3A70005C1E8 /* Resources */,
			);
			buildRules = (
			);
			dependencies = (
				3FA46F741D3ED3A70005C1E8 /* PBXTargetDependency */,
			);
			name = InClass05UITests;
			productName = InClass05UITests;
			productReference = 3FA46F721D3ED3A70005C1E8 /* InClass05UITests.xctest */;
			productType = "com.apple.product-type.bundle.ui-testing";
		};
/* End PBXNativeTarget section */

/* Begin PBXProject section */
		3FA46F4B1D3ED3A70005C1E8 /* Project object */ = {
			isa = PBXProject;
			attributes = {
				LastSwiftUpdateCheck = 0730;
				LastUpgradeCheck = 0730;
				ORGANIZATIONNAME = mnr_iOS;
				TargetAttributes = {
					3FA46F521D3ED3A70005C1E8 = {
						CreatedOnToolsVersion = 7.3.1;
					};
					3FA46F661D3ED3A70005C1E8 = {
						CreatedOnToolsVersion = 7.3.1;
						TestTargetID = 3FA46F521D3ED3A70005C1E8;
					};
					3FA46F711D3ED3A70005C1E8 = {
						CreatedOnToolsVersion = 7.3.1;
						TestTargetID = 3FA46F521D3ED3A70005C1E8;
					};
				};
			};
			buildConfigurationList = 3FA46F4E1D3ED3A70005C1E8 /* Build configuration list for PBXProject "InClass05" */;
			compatibilityVersion = "Xcode 3.2";
			developmentRegion = English;
			hasScannedForEncodings = 0;
			knownRegions = (
				en,
				Base,
			);
			mainGroup = 3FA46F4A1D3ED3A70005C1E8;
			productRefGroup = 3FA46F541D3ED3A70005C1E8 /* Products */;
			projectDirPath = "";
			projectRoot = "";
			targets = (
				3FA46F521D3ED3A70005C1E8 /* InClass05 */,
				3FA46F661D3ED3A70005C1E8 /* InClass05Tests */,
				3FA46F711D3ED3A70005C1E8 /* InClass05UITests */,
			);
		};
/* End PBXProject section */

/* Begin PBXResourcesBuildPhase section */
		3FA46F511D3ED3A70005C1E8 /* Resources */ = {
			isa = PBXResourcesBuildPhase;
			buildActionMask = 2147483647;
			files = (
				3FA46F611D3ED3A70005C1E8 /* LaunchScreen.storyboard in Resources */,
				3FA46F5E1D3ED3A70005C1E8 /* Assets.xcassets in Resources */,
				3FA46F5C1D3ED3A70005C1E8 /* Main.storyboard in Resources */,
			);
			runOnlyForDeploymentPostprocessing = 0;
		};
		3FA46F651D3ED3A70005C1E8 /* Resources */ = {
			isa = PBXResourcesBuildPhase;
			buildActionMask = 2147483647;
			files = (
			);
			runOnlyForDeploymentPostprocessing = 0;
		};
		3FA46F701D3ED3A70005C1E8 /* Resources */ = {
			isa = PBXResourcesBuildPhase;
			buildActionMask = 2147483647;
			files = (
			);
			runOnlyForDeploymentPostprocessing = 0;
		};
/* End PBXResourcesBuildPhase section */

/* Begin PBXSourcesBuildPhase section */
		3FA46F4F1D3ED3A70005C1E8 /* Sources */ = {
			isa = PBXSourcesBuildPhase;
			buildActionMask = 2147483647;
			files = (
				3FA46F8C1D3ED95B0005C1E8 /* AppsData.swift in Sources */,
				3FA46F8A1D3ED4A10005C1E8 /* CategoriesTableViewController.swift in Sources */,
				3FA46F571D3ED3A70005C1E8 /* AppDelegate.swift in Sources */,
				3FA46F8E1D3EDF980005C1E8 /* AppsTableViewController.swift in Sources */,
				3FA46F901D3EE75F0005C1E8 /* AppsTableViewCell.swift in Sources */,
				3FC8AEDA1D3EFB07004D252E /* AppDetailsViewController.swift in Sources */,
			);
			runOnlyForDeploymentPostprocessing = 0;
		};
		3FA46F631D3ED3A70005C1E8 /* Sources */ = {
			isa = PBXSourcesBuildPhase;
			buildActionMask = 2147483647;
			files = (
				3FA46F6C1D3ED3A70005C1E8 /* InClass05Tests.swift in Sources */,
			);
			runOnlyForDeploymentPostprocessing = 0;
		};
		3FA46F6E1D3ED3A70005C1E8 /* Sources */ = {
			isa = PBXSourcesBuildPhase;
			buildActionMask = 2147483647;
			files = (
				3FA46F771D3ED3A70005C1E8 /* InClass05UITests.swift in Sources */,
			);
			runOnlyForDeploymentPostprocessing = 0;
		};
/* End PBXSourcesBuildPhase section */

/* Begin PBXTargetDependency section */
		3FA46F691D3ED3A70005C1E8 /* PBXTargetDependency */ = {
			isa = PBXTargetDependency;
			target = 3FA46F521D3ED3A70005C1E8 /* InClass05 */;
			targetProxy = 3FA46F681D3ED3A70005C1E8 /* PBXContainerItemProxy */;
		};
		3FA46F741D3ED3A70005C1E8 /* PBXTargetDependency */ = {
			isa = PBXTargetDependency;
			target = 3FA46F521D3ED3A70005C1E8 /* InClass05 */;
			targetProxy = 3FA46F731D3ED3A70005C1E8 /* PBXContainerItemProxy */;
		};
/* End PBXTargetDependency section */

/* Begin PBXVariantGroup section */
		3FA46F5A1D3ED3A70005C1E8 /* Main.storyboard */ = {
			isa = PBXVariantGroup;
			children = (
				3FA46F5B1D3ED3A70005C1E8 /* Base */,
			);
			name = Main.storyboard;
			sourceTree = "<group>";
		};
		3FA46F5F1D3ED3A70005C1E8 /* LaunchScreen.storyboard */ = {
			isa = PBXVariantGroup;
			children = (
				3FA46F601D3ED3A70005C1E8 /* Base */,
			);
			name = LaunchScreen.storyboard;
			sourceTree = "<group>";
		};
/* End PBXVariantGroup section */

/* Begin XCBuildConfiguration section */
		3FA46F791D3ED3A70005C1E8 /* Debug */ = {
			isa = XCBuildConfiguration;
			buildSettings = {
				ALWAYS_SEARCH_USER_PATHS = NO;
				CLANG_ANALYZER_NONNULL = YES;
				CLANG_CXX_LANGUAGE_STANDARD = "gnu++0x";
				CLANG_CXX_LIBRARY = "libc++";
				CLANG_ENABLE_MODULES = YES;
				CLANG_ENABLE_OBJC_ARC = YES;
				CLANG_WARN_BOOL_CONVERSION = YES;
				CLANG_WARN_CONSTANT_CONVERSION = YES;
				CLANG_WARN_DIRECT_OBJC_ISA_USAGE = YES_ERROR;
				CLANG_WARN_EMPTY_BODY = YES;
				CLANG_WARN_ENUM_CONVERSION = YES;
				CLANG_WARN_INT_CONVERSION = YES;
				CLANG_WARN_OBJC_ROOT_CLASS = YES_ERROR;
				CLANG_WARN_UNREACHABLE_CODE = YES;
				CLANG_WARN__DUPLICATE_METHOD_MATCH = YES;
				"CODE_SIGN_IDENTITY[sdk=iphoneos*]" = "iPhone Developer";
				COPY_PHASE_STRIP = NO;
				DEBUG_INFORMATION_FORMAT = dwarf;
				ENABLE_STRICT_OBJC_MSGSEND = YES;
				ENABLE_TESTABILITY = YES;
				GCC_C_LANGUAGE_STANDARD = gnu99;
				GCC_DYNAMIC_NO_PIC = NO;
				GCC_NO_COMMON_BLOCKS = YES;
				GCC_OPTIMIZATION_LEVEL = 0;
				GCC_PREPROCESSOR_DEFINITIONS = (
					"DEBUG=1",
					"$(inherited)",
				);
				GCC_WARN_64_TO_32_BIT_CONVERSION = YES;
				GCC_WARN_ABOUT_RETURN_TYPE = YES_ERROR;
				GCC_WARN_UNDECLARED_SELECTOR = YES;
				GCC_WARN_UNINITIALIZED_AUTOS = YES_AGGRESSIVE;
				GCC_WARN_UNUSED_FUNCTION = YES;
				GCC_WARN_UNUSED_VARIABLE = YES;
				IPHONEOS_DEPLOYMENT_TARGET = 9.3;
				MTL_ENABLE_DEBUG_INFO = YES;
				ONLY_ACTIVE_ARCH = YES;
				SDKROOT = iphoneos;
				SWIFT_OPTIMIZATION_LEVEL = "-Onone";
			};
			name = Debug;
		};
		3FA46F7A1D3ED3A70005C1E8 /* Release */ = {
			isa = XCBuildConfiguration;
			buildSettings = {
				ALWAYS_SEARCH_USER_PATHS = NO;
				CLANG_ANALYZER_NONNULL = YES;
				CLANG_CXX_LANGUAGE_STANDARD = "gnu++0x";
				CLANG_CXX_LIBRARY = "libc++";
				CLANG_ENABLE_MODULES = YES;
				CLANG_ENABLE_OBJC_ARC = YES;
				CLANG_WARN_BOOL_CONVERSION = YES;
				CLANG_WARN_CONSTANT_CONVERSION = YES;
				CLANG_WARN_DIRECT_OBJC_ISA_USAGE = YES_ERROR;
				CLANG_WARN_EMPTY_BODY = YES;
				CLANG_WARN_ENUM_CONVERSION = YES;
				CLANG_WARN_INT_CONVERSION = YES;
				CLANG_WARN_OBJC_ROOT_CLASS = YES_ERROR;
				CLANG_WARN_UNREACHABLE_CODE = YES;
				CLANG_WARN__DUPLICATE_METHOD_MATCH = YES;
				"CODE_SIGN_IDENTITY[sdk=iphoneos*]" = "iPhone Developer";
				COPY_PHASE_STRIP = NO;
				DEBUG_INFORMATION_FORMAT = "dwarf-with-dsym";
				ENABLE_NS_ASSERTIONS = NO;
				ENABLE_STRICT_OBJC_MSGSEND = YES;
				GCC_C_LANGUAGE_STANDARD = gnu99;
				GCC_NO_COMMON_BLOCKS = YES;
				GCC_WARN_64_TO_32_BIT_CONVERSION = YES;
				GCC_WARN_ABOUT_RETURN_TYPE = YES_ERROR;
				GCC_WARN_UNDECLARED_SELECTOR = YES;
				GCC_WARN_UNINITIALIZED_AUTOS = YES_AGGRESSIVE;
				GCC_WARN_UNUSED_FUNCTION = YES;
				GCC_WARN_UNUSED_VARIABLE = YES;
				IPHONEOS_DEPLOYMENT_TARGET = 9.3;
				MTL_ENABLE_DEBUG_INFO = NO;
				SDKROOT = iphoneos;
				VALIDATE_PRODUCT = YES;
			};
			name = Release;
		};
		3FA46F7C1D3ED3A70005C1E8 /* Debug */ = {
			isa = XCBuildConfiguration;
			buildSettings = {
				ASSETCATALOG_COMPILER_APPICON_NAME = AppIcon;
				INFOPLIST_FILE = InClass05/Info.plist;
				LD_RUNPATH_SEARCH_PATHS = "$(inherited) @executable_path/Frameworks";
				PRODUCT_BUNDLE_IDENTIFIER = "mnr-iOS.InClass05";
				PRODUCT_NAME = "$(TARGET_NAME)";
			};
			name = Debug;
		};
		3FA46F7D1D3ED3A70005C1E8 /* Release */ = {
			isa = XCBuildConfiguration;
			buildSettings = {
				ASSETCATALOG_COMPILER_APPICON_NAME = AppIcon;
				INFOPLIST_FILE = InClass05/Info.plist;
				LD_RUNPATH_SEARCH_PATHS = "$(inherited) @executable_path/Frameworks";
				PRODUCT_BUNDLE_IDENTIFIER = "mnr-iOS.InClass05";
				PRODUCT_NAME = "$(TARGET_NAME)";
			};
			name = Release;
		};
		3FA46F7F1D3ED3A70005C1E8 /* Debug */ = {
			isa = XCBuildConfiguration;
			buildSettings = {
				BUNDLE_LOADER = "$(TEST_HOST)";
				INFOPLIST_FILE = InClass05Tests/Info.plist;
				LD_RUNPATH_SEARCH_PATHS = "$(inherited) @executable_path/Frameworks @loader_path/Frameworks";
				PRODUCT_BUNDLE_IDENTIFIER = "mnr-iOS.InClass05Tests";
				PRODUCT_NAME = "$(TARGET_NAME)";
				TEST_HOST = "$(BUILT_PRODUCTS_DIR)/InClass05.app/InClass05";
			};
			name = Debug;
		};
		3FA46F801D3ED3A70005C1E8 /* Release */ = {
			isa = XCBuildConfiguration;
			buildSettings = {
				BUNDLE_LOADER = "$(TEST_HOST)";
				INFOPLIST_FILE = InClass05Tests/Info.plist;
				LD_RUNPATH_SEARCH_PATHS = "$(inherited) @executable_path/Frameworks @loader_path/Frameworks";
				PRODUCT_BUNDLE_IDENTIFIER = "mnr-iOS.InClass05Tests";
				PRODUCT_NAME = "$(TARGET_NAME)";
				TEST_HOST = "$(BUILT_PRODUCTS_DIR)/InClass05.app/InClass05";
			};
			name = Release;
		};
		3FA46F821D3ED3A70005C1E8 /* Debug */ = {
			isa = XCBuildConfiguration;
			buildSettings = {
				INFOPLIST_FILE = InClass05UITests/Info.plist;
				LD_RUNPATH_SEARCH_PATHS = "$(inherited) @executable_path/Frameworks @loader_path/Frameworks";
				PRODUCT_BUNDLE_IDENTIFIER = "mnr-iOS.InClass05UITests";
				PRODUCT_NAME = "$(TARGET_NAME)";
				TEST_TARGET_NAME = InClass05;
			};
			name = Debug;
		};
		3FA46F831D3ED3A70005C1E8 /* Release */ = {
			isa = XCBuildConfiguration;
			buildSettings = {
				INFOPLIST_FILE = InClass05UITests/Info.plist;
				LD_RUNPATH_SEARCH_PATHS = "$(inherited) @executable_path/Frameworks @loader_path/Frameworks";
				PRODUCT_BUNDLE_IDENTIFIER = "mnr-iOS.InClass05UITests";
				PRODUCT_NAME = "$(TARGET_NAME)";
				TEST_TARGET_NAME = InClass05;
			};
			name = Release;
		};
/* End XCBuildConfiguration section */

/* Begin XCConfigurationList section */
		3FA46F4E1D3ED3A70005C1E8 /* Build configuration list for PBXProject "InClass05" */ = {
			isa = XCConfigurationList;
			buildConfigurations = (
				3FA46F791D3ED3A70005C1E8 /* Debug */,
				3FA46F7A1D3ED3A70005C1E8 /* Release */,
			);
			defaultConfigurationIsVisible = 0;
			defaultConfigurationName = Release;
		};
		3FA46F7B1D3ED3A70005C1E8 /* Build configuration list for PBXNativeTarget "InClass05" */ = {
			isa = XCConfigurationList;
			buildConfigurations = (
				3FA46F7C1D3ED3A70005C1E8 /* Debug */,
				3FA46F7D1D3ED3A70005C1E8 /* Release */,
			);
			defaultConfigurationIsVisible = 0;
			defaultConfigurationName = Release;
		};
		3FA46F7E1D3ED3A70005C1E8 /* Build configuration list for PBXNativeTarget "InClass05Tests" */ = {
			isa = XCConfigurationList;
			buildConfigurations = (
				3FA46F7F1D3ED3A70005C1E8 /* Debug */,
				3FA46F801D3ED3A70005C1E8 /* Release */,
			);
			defaultConfigurationIsVisible = 0;
			defaultConfigurationName = Release;
		};
		3FA46F811D3ED3A70005C1E8 /* Build configuration list for PBXNativeTarget "InClass05UITests" */ = {
			isa = XCConfigurationList;
			buildConfigurations = (
				3FA46F821D3ED3A70005C1E8 /* Debug */,
				3FA46F831D3ED3A70005C1E8 /* Release */,
			);
			defaultConfigurationIsVisible = 0;
			defaultConfigurationName = Release;
		};
/* End XCConfigurationList section */
	};
	rootObject = 3FA46F4B1D3ED3A70005C1E8 /* Project object */;
}
